
Microsoft Visual Studio Solution File, Format Version 12.00
# Visual Studio Version 16
VisualStudioVersion = 16.0.31911.196
MinimumVisualStudioVersion = 10.0.40219.1
Project("{9A19103F-16F7-4668-BE54-9A1E7A4F7556}") = "Acebook", "Acebook\Acebook.csproj", "{A9525BE5-6635-4AB2-9052-D09AC817BEE2}"
EndProject
Project("{FAE04EC0-301F-11D3-BF4B-00C04F79EFBC}") = "Acebook.IntegrationTests", "Acebook.IntegrationTests\Acebook.IntegrationTests.csproj", "{058EB0DE-D1BD-420E-A335-03D31CDB1A8E}"
EndProject
Project("{FAE04EC0-301F-11D3-BF4B-00C04F79EFBC}") = "Acebook.UnitTests", "Acebook.UnitTests\Acebook.UnitTests.csproj", "{EBFBAC7E-6F48-4DCB-9F59-4CD9F405B68D}"
EndProject
Global
	GlobalSection(SolutionConfigurationPlatforms) = preSolution
		Debug|Any CPU = Debug|Any CPU
		Release|Any CPU = Release|Any CPU
	EndGlobalSection
	GlobalSection(ProjectConfigurationPlatforms) = postSolution
		{A9525BE5-6635-4AB2-9052-D09AC817BEE2}.Debug|Any CPU.ActiveCfg = Debug|Any CPU
		{A9525BE5-6635-4AB2-9052-D09AC817BEE2}.Debug|Any CPU.Build.0 = Debug|Any CPU
		{A9525BE5-6635-4AB2-9052-D09AC817BEE2}.Release|Any CPU.ActiveCfg = Release|Any CPU
		{A9525BE5-6635-4AB2-9052-D09AC817BEE2}.Release|Any CPU.Build.0 = Release|Any CPU
		{058EB0DE-D1BD-420E-A335-03D31CDB1A8E}.Debug|Any CPU.ActiveCfg = Debug|Any CPU
		{058EB0DE-D1BD-420E-A335-03D31CDB1A8E}.Debug|Any CPU.Build.0 = Debug|Any CPU
		{058EB0DE-D1BD-420E-A335-03D31CDB1A8E}.Release|Any CPU.ActiveCfg = Release|Any CPU
		{058EB0DE-D1BD-420E-A335-03D31CDB1A8E}.Release|Any CPU.Build.0 = Release|Any CPU
		{EBFBAC7E-6F48-4DCB-9F59-4CD9F405B68D}.Debug|Any CPU.ActiveCfg = Debug|Any CPU
		{EBFBAC7E-6F48-4DCB-9F59-4CD9F405B68D}.Debug|Any CPU.Build.0 = Debug|Any CPU
		{EBFBAC7E-6F48-4DCB-9F59-4CD9F405B68D}.Release|Any CPU.ActiveCfg = Release|Any CPU
		{EBFBAC7E-6F48-4DCB-9F59-4CD9F405B68D}.Release|Any CPU.Build.0 = Release|Any CPU
	EndGlobalSection
	GlobalSection(SolutionProperties) = preSolution
		HideSolutionNode = FALSE
	EndGlobalSection
	GlobalSection(ExtensibilityGlobals) = postSolution
		SolutionGuid = {935BA74B-5F8F-420C-9983-13290ECFFAFB}
	EndGlobalSection
EndGlobal
